lockfileVersion: '6.0'

settings:
  autoInstallPeers: true
  excludeLinksFromLockfile: false

dependencies:
  systeminformation:
    specifier: ^5.23.13
    version: 5.23.13
  ua-parser-js:
    specifier: ^2.0.0
    version: 2.0.0

packages:

  /detect-europe-js@0.1.2:
    resolution: {integrity: sha512-lgdERlL3u0aUdHocoouzT10d9I89VVhk0qNRmll7mXdGfJT1/wqZ2ZLA4oJAjeACPY5fT1wsbq2AT+GkuInsow==}
    dev: false

  /is-standalone-pwa@0.1.1:
    resolution: {integrity: sha512-9Cbovsa52vNQCjdXOzeQq5CnCbAcRk05aU62K20WO372NrTv0NxibLFCK6lQ4/iZEFdEA3p3t2VNOn8AJ53F5g==}
    dev: false

  /systeminformation@5.23.13:
    resolution: {integrity: sha512-4Cn39sTXp7eN9rV/60aNdCXgpQ5xPcUUPIbwJjqTKj4/bNcSYtgZvFdXvZj6pRHP4h17uk6MfdMP5Fm6AK/b0Q==}
    engines: {node: '>=8.0.0'}
    os: [darwin, linux, win32, freebsd, openbsd, netbsd, sunos, android]
    hasBin: true
    dev: false

  /ua-is-frozen@0.1.2:
    resolution: {integrity: sha512-RwKDW2p3iyWn4UbaxpP2+VxwqXh0jpvdxsYpZ5j/MLLiQOfbsV5shpgQiw93+KMYQPcteeMQ289MaAFzs3G9pw==}
    dev: false

  /ua-parser-js@2.0.0:
    resolution: {integrity: sha512-SASgD4RlB7+SCMmlVNqrhPw0f/2pGawWBzJ2+LwGTD0GgNnrKGzPJDiraGHJDwW9Zm5DH2lTmUpqDpbZjJY4+Q==}
    hasBin: true
    dependencies:
      detect-europe-js: 0.1.2
      is-standalone-pwa: 0.1.1
      ua-is-frozen: 0.1.2
    dev: false
